
Microsoft Visual Studio Solution File, Format Version 11.00
# Visual Studio 2010
Project("{FAE04EC0-301F-11D3-BF4B-00C04F79EFBC}") = "FactoryMethod", "FactoryMethod\FactoryMethod.csproj", "{FA72A749-F34D-4E4C-A7B2-F09AE6F2497B}"
EndProject
Global
	GlobalSection(SolutionConfigurationPlatforms) = preSolution
		Debug|x86 = Debug|x86
		Release|x86 = Release|x86
	EndGlobalSection
	GlobalSection(ProjectConfigurationPlatforms) = postSolution
		{FA72A749-F34D-4E4C-A7B2-F09AE6F2497B}.Debug|x86.ActiveCfg = Debug|x86
		{FA72A749-F34D-4E4C-A7B2-F09AE6F2497B}.Debug|x86.Build.0 = Debug|x86
		{FA72A749-F34D-4E4C-A7B2-F09AE6F2497B}.Release|x86.ActiveCfg = Release|x86
		{FA72A749-F34D-4E4C-A7B2-F09AE6F2497B}.Release|x86.Build.0 = Release|x86
	EndGlobalSection
	GlobalSection(SolutionProperties) = preSolution
		HideSolutionNode = FALSE
	EndGlobalSection
EndGlobal
